
Microsoft Visual Studio Solution File, Format Version 12.00
# Visual Studio Version 16
VisualStudioVersion = 16.0.29230.47
MinimumVisualStudioVersion = 10.0.40219.1
Project("{FAE04EC0-301F-11D3-BF4B-00C04F79EFBC}") = "EJERCICIO.WebSite", "EJERCICIO.WebSite\EJERCICIO.WebSite.csproj", "{24971DA5-BE9A-4B9E-8834-746C0B4377F3}"
EndProject
Project("{FAE04EC0-301F-11D3-BF4B-00C04F79EFBC}") = "Ejercicio2.WebSite", "Ejercicio2.WebSite\Ejercicio2.WebSite.csproj", "{D779A06D-6006-4778-8BC3-CDA418F188A7}"
EndProject
Global
	GlobalSection(SolutionConfigurationPlatforms) = preSolution
		Debug|Any CPU = Debug|Any CPU
		Release|Any CPU = Release|Any CPU
	EndGlobalSection
	GlobalSection(ProjectConfigurationPlatforms) = postSolution
		{24971DA5-BE9A-4B9E-8834-746C0B4377F3}.Debug|Any CPU.ActiveCfg = Debug|Any CPU
		{24971DA5-BE9A-4B9E-8834-746C0B4377F3}.Debug|Any CPU.Build.0 = Debug|Any CPU
		{24971DA5-BE9A-4B9E-8834-746C0B4377F3}.Release|Any CPU.ActiveCfg = Release|Any CPU
		{24971DA5-BE9A-4B9E-8834-746C0B4377F3}.Release|Any CPU.Build.0 = Release|Any CPU
		{D779A06D-6006-4778-8BC3-CDA418F188A7}.Debug|Any CPU.ActiveCfg = Debug|Any CPU
		{D779A06D-6006-4778-8BC3-CDA418F188A7}.Debug|Any CPU.Build.0 = Debug|Any CPU
		{D779A06D-6006-4778-8BC3-CDA418F188A7}.Release|Any CPU.ActiveCfg = Release|Any CPU
		{D779A06D-6006-4778-8BC3-CDA418F188A7}.Release|Any CPU.Build.0 = Release|Any CPU
	EndGlobalSection
	GlobalSection(SolutionProperties) = preSolution
		HideSolutionNode = FALSE
	EndGlobalSection
	GlobalSection(ExtensibilityGlobals) = postSolution
		SolutionGuid = {8A0BE8A1-22E3-4152-B4B1-4F222CD075FA}
	EndGlobalSection
EndGlobal
