
Microsoft Visual Studio Solution File, Format Version 12.00
# Visual Studio Version 16
VisualStudioVersion = 16.0.29230.47
MinimumVisualStudioVersion = 10.0.40219.1
Project("{FAE04EC0-301F-11D3-BF4B-00C04F79EFBC}") = "Tabla.SiteWb", "Tabla.SiteWb\Tabla.SiteWb.csproj", "{C509C776-C6ED-4BB6-BA96-86EAB62FC8D5}"
EndProject
Global
	GlobalSection(SolutionConfigurationPlatforms) = preSolution
		Debug|Any CPU = Debug|Any CPU
		Release|Any CPU = Release|Any CPU
	EndGlobalSection
	GlobalSection(ProjectConfigurationPlatforms) = postSolution
		{C509C776-C6ED-4BB6-BA96-86EAB62FC8D5}.Debug|Any CPU.ActiveCfg = Debug|Any CPU
		{C509C776-C6ED-4BB6-BA96-86EAB62FC8D5}.Debug|Any CPU.Build.0 = Debug|Any CPU
		{C509C776-C6ED-4BB6-BA96-86EAB62FC8D5}.Release|Any CPU.ActiveCfg = Release|Any CPU
		{C509C776-C6ED-4BB6-BA96-86EAB62FC8D5}.Release|Any CPU.Build.0 = Release|Any CPU
	EndGlobalSection
	GlobalSection(SolutionProperties) = preSolution
		HideSolutionNode = FALSE
	EndGlobalSection
	GlobalSection(ExtensibilityGlobals) = postSolution
		SolutionGuid = {6EB0A740-D70C-485E-BB84-E10312862B8D}
	EndGlobalSection
EndGlobal
